{
  "projects": [
    {
      "projectId": "o1vPdgLXqG8oxG6Tov2xRt",
      "version": "latest",
      "dependencies": {},
      "lang": "js",
      "fileLocks": [
        {
          "type": "globalVariant",
          "assetId": "5t8cXnrXZEJ",
          "checksum": "941362f2c5ec0cd6b8a3e950e3016c48"
        },
        {
          "assetId": "o1vPdgLXqG8oxG6Tov2xRt",
          "type": "projectCss",
          "checksum": "8849e3fc575dd749a0bc6a2b83ba9e3f"
        },
        {
          "type": "renderModule",
          "assetId": "ho_yFzvseAf",
          "checksum": "b0b2c1c945b58a6629ea1f56a3089ab2"
        },
        {
          "type": "cssRules",
          "assetId": "ho_yFzvseAf",
          "checksum": "b0b2c1c945b58a6629ea1f56a3089ab2"
        },
        {
          "type": "renderModule",
          "assetId": "1AIbx2mUfA",
          "checksum": "a0eb2ab10d00f06ee01adf4d88eb9141"
        },
        {
          "type": "cssRules",
          "assetId": "1AIbx2mUfA",
          "checksum": "a0eb2ab10d00f06ee01adf4d88eb9141"
        },
        {
          "type": "renderModule",
          "assetId": "iIXFLDrDPG",
          "checksum": "d355378e3096a7ddfc8a15cc3c672e5d"
        },
        {
          "type": "cssRules",
          "assetId": "iIXFLDrDPG",
          "checksum": "d355378e3096a7ddfc8a15cc3c672e5d"
        },
        {
          "type": "renderModule",
          "assetId": "hR8fgawWTg",
          "checksum": "0b9ea62520e87b674ff6cdaf3c4f967d"
        },
        {
          "type": "cssRules",
          "assetId": "hR8fgawWTg",
          "checksum": "0b9ea62520e87b674ff6cdaf3c4f967d"
        },
        {
          "type": "renderModule",
          "assetId": "3gx_Nm6Ol1",
          "checksum": "c8408f5a431d3586bc5451fe8fd7aea0"
        },
        {
          "type": "cssRules",
          "assetId": "3gx_Nm6Ol1",
          "checksum": "c8408f5a431d3586bc5451fe8fd7aea0"
        },
        {
          "type": "renderModule",
          "assetId": "MMc2uRA08S",
          "checksum": "34dda96d8d8ebae356d7a86f970a1ccb"
        },
        {
          "type": "cssRules",
          "assetId": "MMc2uRA08S",
          "checksum": "34dda96d8d8ebae356d7a86f970a1ccb"
        },
        {
          "type": "renderModule",
          "assetId": "mmTBH0ICkM",
          "checksum": "cdbde66662bcbe70199101710df0a66b"
        },
        {
          "type": "cssRules",
          "assetId": "mmTBH0ICkM",
          "checksum": "cdbde66662bcbe70199101710df0a66b"
        },
        {
          "type": "renderModule",
          "assetId": "rey17QXadj",
          "checksum": "6eca895aec72aca7693260d5a5c188eb"
        },
        {
          "type": "cssRules",
          "assetId": "rey17QXadj",
          "checksum": "6eca895aec72aca7693260d5a5c188eb"
        },
        {
          "type": "renderModule",
          "assetId": "E80Qpv1f1M",
          "checksum": "4bd99c9b14c551a1a8614f1b3a8fecc3"
        },
        {
          "type": "cssRules",
          "assetId": "E80Qpv1f1M",
          "checksum": "4bd99c9b14c551a1a8614f1b3a8fecc3"
        },
        {
          "type": "renderModule",
          "assetId": "243C3rS9tg",
          "checksum": "79e1ec754be2a8a546bc915d208b2403"
        },
        {
          "type": "cssRules",
          "assetId": "243C3rS9tg",
          "checksum": "79e1ec754be2a8a546bc915d208b2403"
        },
        {
          "type": "renderModule",
          "assetId": "3NuCNghreg",
          "checksum": "9818d899c2fc17244f2e01fdc6ae5561"
        },
        {
          "type": "cssRules",
          "assetId": "3NuCNghreg",
          "checksum": "9818d899c2fc17244f2e01fdc6ae5561"
        },
        {
          "type": "renderModule",
          "assetId": "XM0rFp_wDz",
          "checksum": "9c68b6f0b30d897d7c69132b5da0dcd6"
        },
        {
          "type": "cssRules",
          "assetId": "XM0rFp_wDz",
          "checksum": "9c68b6f0b30d897d7c69132b5da0dcd6"
        },
        {
          "type": "image",
          "assetId": "7oNj63iP6J",
          "checksum": "9b14fffe0d11ee660df93dac77bda827"
        },
        {
          "type": "image",
          "assetId": "w4azNdq06C",
          "checksum": "10943bd84bbc4f07db41b5b511f65830"
        },
        {
          "type": "image",
          "assetId": "HLbQLZoA8r",
          "checksum": "a172b4be624ea63d240eabc1e9e4e17e"
        },
        {
          "type": "image",
          "assetId": "BpyzUwtuoX",
          "checksum": "0605523eedc5ea095ca132870350d9a5"
        },
        {
          "type": "image",
          "assetId": "j-m78GhMji",
          "checksum": "4af114d79d4da4bb591dd68b926c04b4"
        },
        {
          "type": "image",
          "assetId": "UT-gYjERkU",
          "checksum": "3d6bd8c6f835208ff4b0096e0841bd4d"
        }
      ]
    },
    {
      "projectId": "v3r5FjeHwUDiayAfitwffE",
      "version": "latest",
      "dependencies": {},
      "lang": "js",
      "fileLocks": [
        {
          "type": "globalVariant",
          "assetId": "Dr5Nf8Lf7WhDR6",
          "checksum": "c37131ba6f051a58968819e021bc1f58"
        },
        {
          "assetId": "v3r5FjeHwUDiayAfitwffE",
          "type": "projectCss",
          "checksum": "921e044b99c6ae96efd4ca33d3efd063"
        },
        {
          "type": "renderModule",
          "assetId": "71PMMyppNz0uA",
          "checksum": "d5f669cdb767dd2c40e27de330bbce6b"
        },
        {
          "type": "cssRules",
          "assetId": "71PMMyppNz0uA",
          "checksum": "d5f669cdb767dd2c40e27de330bbce6b"
        },
        {
          "type": "renderModule",
          "assetId": "NASyORUGBEVIc",
          "checksum": "12ea16b3914eb8051aabd39fe35c76b7"
        },
        {
          "type": "cssRules",
          "assetId": "NASyORUGBEVIc",
          "checksum": "12ea16b3914eb8051aabd39fe35c76b7"
        },
        {
          "type": "renderModule",
          "assetId": "kXtaoaFrcWdiP",
          "checksum": "520d56f62f7fc690a3f3ad6dba2f7fef"
        },
        {
          "type": "cssRules",
          "assetId": "kXtaoaFrcWdiP",
          "checksum": "520d56f62f7fc690a3f3ad6dba2f7fef"
        },
        {
          "type": "renderModule",
          "assetId": "ZJMIeo5BqZDP_",
          "checksum": "5825ccbdf98c2e07bc80d03c43d4d58d"
        },
        {
          "type": "cssRules",
          "assetId": "ZJMIeo5BqZDP_",
          "checksum": "5825ccbdf98c2e07bc80d03c43d4d58d"
        },
        {
          "type": "renderModule",
          "assetId": "5UYP7jjjwlUklV",
          "checksum": "5e28a1dfad44a23ce71c478cf1a69d1a"
        },
        {
          "type": "cssRules",
          "assetId": "5UYP7jjjwlUklV",
          "checksum": "5e28a1dfad44a23ce71c478cf1a69d1a"
        },
        {
          "type": "renderModule",
          "assetId": "WuNoJCHhbEyBYe",
          "checksum": "a221bc099662eebfd51a7a839222785c"
        },
        {
          "type": "cssRules",
          "assetId": "WuNoJCHhbEyBYe",
          "checksum": "a221bc099662eebfd51a7a839222785c"
        },
        {
          "type": "renderModule",
          "assetId": "7z0ezgcPx3-n0n",
          "checksum": "63fd602d0c53f80c44cd3c4e8d14fa75"
        },
        {
          "type": "cssRules",
          "assetId": "7z0ezgcPx3-n0n",
          "checksum": "63fd602d0c53f80c44cd3c4e8d14fa75"
        },
        {
          "type": "renderModule",
          "assetId": "9_2TomNy2in1dV",
          "checksum": "992ba9bfa7099ead837449ef64c51fe7"
        },
        {
          "type": "cssRules",
          "assetId": "9_2TomNy2in1dV",
          "checksum": "992ba9bfa7099ead837449ef64c51fe7"
        },
        {
          "type": "renderModule",
          "assetId": "FePYc5ZNICg1Lo",
          "checksum": "4deda80819fdb548472e78129c5f5a51"
        },
        {
          "type": "cssRules",
          "assetId": "FePYc5ZNICg1Lo",
          "checksum": "4deda80819fdb548472e78129c5f5a51"
        },
        {
          "type": "icon",
          "assetId": "XPJTPP79FEtoTn",
          "checksum": "6572a1bad02c524e64fdc6313fd66e3a"
        },
        {
          "type": "icon",
          "assetId": "9PMx01lrUjcJCh",
          "checksum": "7fc6ffb78eb896d2ac9430a9d903ab0b"
        },
        {
          "type": "icon",
          "assetId": "nMJ3l4GNZh_kf-",
          "checksum": "7d16cca432765cd70065a909d20cadb8"
        },
        {
          "type": "icon",
          "assetId": "AoLbRLzOlWeDHe",
          "checksum": "72811e95c6696b83d8325e44447b7b1d"
        },
        {
          "type": "icon",
          "assetId": "8xZSAC0qNsKVKL",
          "checksum": "3c13855a32ec1c47ded6c0a9fb8f1aa6"
        },
        {
          "type": "icon",
          "assetId": "SUOW18eEBhPQ1I",
          "checksum": "fca67de006eab0998a7d76fb6cf9f83c"
        },
        {
          "type": "icon",
          "assetId": "Q3H9ywbF42RETZ",
          "checksum": "7b29b7b330073591bdd4f7d8e20f0f43"
        },
        {
          "type": "icon",
          "assetId": "QyKhd7C3s-fg8Z",
          "checksum": "3bf94caf71c5d9cab663f18fa5603ecc"
        },
        {
          "type": "icon",
          "assetId": "SUsDymb5mK3ToS",
          "checksum": "4912e5e2c0c2ba1f67d7a5aaae828751"
        },
        {
          "type": "icon",
          "assetId": "_DJ6dR9EC7104d",
          "checksum": "ba6d8d4b2ae3addae01b99efc25eefe7"
        },
        {
          "type": "icon",
          "assetId": "dCfxPm1Ibqeo1x",
          "checksum": "fd39c777325a524413bdeda35c1c1627"
        },
        {
          "type": "icon",
          "assetId": "E74-I44kA9euOd",
          "checksum": "4bd2c1b84f44455f2fd9c56d1670b8ca"
        },
        {
          "type": "icon",
          "assetId": "3caNYaJZPO8kN3",
          "checksum": "07375378fd7b3cf2f57a9504d7e5fcbd"
        },
        {
          "type": "icon",
          "assetId": "P8U6uRkOUrleFG",
          "checksum": "6e04b8e488460529ef9d4f679ce81d10"
        },
        {
          "type": "icon",
          "assetId": "WXJ5GcGgCx_53v",
          "checksum": "1644d6661235f264ac6e3ec6a398514a"
        },
        {
          "type": "icon",
          "assetId": "QeNaV7V9KqMk8g",
          "checksum": "de972651848827a11015cba0845cc4d7"
        },
        {
          "type": "icon",
          "assetId": "6fewwPNhtpymOG",
          "checksum": "6547b25461450a34690b8ce707f191d3"
        },
        {
          "type": "icon",
          "assetId": "xHu7lC2QPc_aeD",
          "checksum": "e5bb110ea73fd18c17c65e42deb95c73"
        },
        {
          "type": "icon",
          "assetId": "wTV3T5GppdmA9S",
          "checksum": "90922efaa4b724252313fef23baa1165"
        },
        {
          "type": "icon",
          "assetId": "8i_V4IHLzLQPcd",
          "checksum": "aa75c0d41cc2875c88780b3f25f04a0b"
        },
        {
          "type": "icon",
          "assetId": "2i4DVhQ2epkjcU",
          "checksum": "ca89e29ea8e1eefd5920a6eff69f7d7b"
        },
        {
          "type": "icon",
          "assetId": "k0ivW3_rzWVaVZ",
          "checksum": "65129f8a9a8a34bc0188cadb1b4c0d29"
        },
        {
          "type": "icon",
          "assetId": "Cok2nnasw1ohzL",
          "checksum": "627938c12020bdabe40f989883ef392f"
        },
        {
          "type": "icon",
          "assetId": "RM2MTEch92WyuG",
          "checksum": "372a9487d663ff5cabb300e15c5419f5"
        },
        {
          "type": "icon",
          "assetId": "qS3--6UA_PmJGD",
          "checksum": "60b4b3189096922d6b8b594dd928f1b2"
        },
        {
          "type": "icon",
          "assetId": "gEBCdm3uGfDIcW",
          "checksum": "8e80605f89a9fa2925a9390da55b3a4c"
        },
        {
          "type": "icon",
          "assetId": "QERWxK6JImLtE6",
          "checksum": "8310afcb74f8b987bf9de8824271345a"
        },
        {
          "type": "icon",
          "assetId": "JI3Sw7us2ehXiL",
          "checksum": "5e443bfaa492188c02a39b7a7ca41748"
        },
        {
          "type": "icon",
          "assetId": "g-Eyj2_BShlF1O",
          "checksum": "94395c876030e452445a71deef8f9700"
        },
        {
          "type": "icon",
          "assetId": "7PDiVvX14hqjk5",
          "checksum": "e075c89cb71ba55310a3f9c3b67379fb"
        },
        {
          "type": "icon",
          "assetId": "FOvHmMJxaJyc5Y",
          "checksum": "3e5b251c7158d00ba9d9c80f95fcc242"
        },
        {
          "type": "icon",
          "assetId": "CWIpmSaxD5ntz1",
          "checksum": "83ab0377742865ab85e55bd3803fb2df"
        },
        {
          "type": "icon",
          "assetId": "ScjoP2S3rFsmyp",
          "checksum": "7bd7e4460b413a09551b9d13758fbd10"
        },
        {
          "type": "icon",
          "assetId": "3yBNVg2FTg7dyl",
          "checksum": "deca0e0277b0ca78d78977b3636d02c8"
        },
        {
          "type": "image",
          "assetId": "W6yyZgUx-zLe1P",
          "checksum": "306958b91c1b905e88da40b562450ca4"
        },
        {
          "type": "image",
          "assetId": "W7Z332PGftT7l1",
          "checksum": "360d13d17ada08b2253d2abad0552bef"
        },
        {
          "type": "image",
          "assetId": "q45MX0HeXfHgry",
          "checksum": "b8b0908e035385af766cce4ccd9ffd80"
        },
        {
          "type": "image",
          "assetId": "IY9cdNcQIGeY1w",
          "checksum": "2c6de74a810e8dab956cd863f04859ad"
        },
        {
          "type": "image",
          "assetId": "tEAFqLKZ81xZ1M",
          "checksum": "bcaf6cdee72406663e5a5e50c7d29100"
        },
        {
          "type": "image",
          "assetId": "m0xVaIEaMCYIya",
          "checksum": "4c27b029fe13d6c48f3453ea7ad42cfc"
        },
        {
          "type": "image",
          "assetId": "I6dEgQhsA58k-O",
          "checksum": "dbb170e5ba5037fa8cbbdae47abb61f3"
        },
        {
          "type": "image",
          "assetId": "dMI22DL8IDZkeC",
          "checksum": "893a3b99ec85f8e5358c37a00076dcac"
        },
        {
          "type": "image",
          "assetId": "phJQNjAqsj9cdL",
          "checksum": "472170b7f0913229686f6ec6f0c276b4"
        },
        {
          "type": "image",
          "assetId": "YbhE1xOn_3thkL",
          "checksum": "a6c7be5f516239dcc4b9111a296d35ac"
        },
        {
          "type": "image",
          "assetId": "rHFnjv-m8TjXQb",
          "checksum": "48bde2d3a57346ad3b9b9642d366e30f"
        }
      ]
    }
  ],
  "cliVersion": "0.1.137"
}
