{
  "projects": [
    {
      "projectId": "o1vPdgLXqG8oxG6Tov2xRt",
      "version": "latest",
      "dependencies": {},
      "lang": "js",
      "fileLocks": [
        {
          "type": "globalVariant",
          "assetId": "5t8cXnrXZEJ",
          "checksum": "941362f2c5ec0cd6b8a3e950e3016c48"
        },
        {
          "assetId": "o1vPdgLXqG8oxG6Tov2xRt",
          "type": "projectCss",
          "checksum": "8849e3fc575dd749a0bc6a2b83ba9e3f"
        },
        {
          "type": "renderModule",
          "assetId": "ho_yFzvseAf",
          "checksum": "b0b2c1c945b58a6629ea1f56a3089ab2"
        },
        {
          "type": "cssRules",
          "assetId": "ho_yFzvseAf",
          "checksum": "b0b2c1c945b58a6629ea1f56a3089ab2"
        },
        {
          "type": "renderModule",
          "assetId": "1AIbx2mUfA",
          "checksum": "a0eb2ab10d00f06ee01adf4d88eb9141"
        },
        {
          "type": "cssRules",
          "assetId": "1AIbx2mUfA",
          "checksum": "a0eb2ab10d00f06ee01adf4d88eb9141"
        },
        {
          "type": "renderModule",
          "assetId": "iIXFLDrDPG",
          "checksum": "d355378e3096a7ddfc8a15cc3c672e5d"
        },
        {
          "type": "cssRules",
          "assetId": "iIXFLDrDPG",
          "checksum": "d355378e3096a7ddfc8a15cc3c672e5d"
        },
        {
          "type": "renderModule",
          "assetId": "hR8fgawWTg",
          "checksum": "0b9ea62520e87b674ff6cdaf3c4f967d"
        },
        {
          "type": "cssRules",
          "assetId": "hR8fgawWTg",
          "checksum": "0b9ea62520e87b674ff6cdaf3c4f967d"
        },
        {
          "type": "renderModule",
          "assetId": "3gx_Nm6Ol1",
          "checksum": "c8408f5a431d3586bc5451fe8fd7aea0"
        },
        {
          "type": "cssRules",
          "assetId": "3gx_Nm6Ol1",
          "checksum": "c8408f5a431d3586bc5451fe8fd7aea0"
        },
        {
          "type": "renderModule",
          "assetId": "MMc2uRA08S",
          "checksum": "34dda96d8d8ebae356d7a86f970a1ccb"
        },
        {
          "type": "cssRules",
          "assetId": "MMc2uRA08S",
          "checksum": "34dda96d8d8ebae356d7a86f970a1ccb"
        },
        {
          "type": "renderModule",
          "assetId": "mmTBH0ICkM",
          "checksum": "cdbde66662bcbe70199101710df0a66b"
        },
        {
          "type": "cssRules",
          "assetId": "mmTBH0ICkM",
          "checksum": "cdbde66662bcbe70199101710df0a66b"
        },
        {
          "type": "renderModule",
          "assetId": "rey17QXadj",
          "checksum": "6eca895aec72aca7693260d5a5c188eb"
        },
        {
          "type": "cssRules",
          "assetId": "rey17QXadj",
          "checksum": "6eca895aec72aca7693260d5a5c188eb"
        },
        {
          "type": "renderModule",
          "assetId": "E80Qpv1f1M",
          "checksum": "4bd99c9b14c551a1a8614f1b3a8fecc3"
        },
        {
          "type": "cssRules",
          "assetId": "E80Qpv1f1M",
          "checksum": "4bd99c9b14c551a1a8614f1b3a8fecc3"
        },
        {
          "type": "renderModule",
          "assetId": "243C3rS9tg",
          "checksum": "79e1ec754be2a8a546bc915d208b2403"
        },
        {
          "type": "cssRules",
          "assetId": "243C3rS9tg",
          "checksum": "79e1ec754be2a8a546bc915d208b2403"
        },
        {
          "type": "renderModule",
          "assetId": "3NuCNghreg",
          "checksum": "9818d899c2fc17244f2e01fdc6ae5561"
        },
        {
          "type": "cssRules",
          "assetId": "3NuCNghreg",
          "checksum": "9818d899c2fc17244f2e01fdc6ae5561"
        },
        {
          "type": "renderModule",
          "assetId": "XM0rFp_wDz",
          "checksum": "9c68b6f0b30d897d7c69132b5da0dcd6"
        },
        {
          "type": "cssRules",
          "assetId": "XM0rFp_wDz",
          "checksum": "9c68b6f0b30d897d7c69132b5da0dcd6"
        },
        {
          "type": "icon",
          "assetId": "mlbS78wvC-2",
          "checksum": "32fe1b08a9817396e0f4a575005124c4"
        },
        {
          "type": "icon",
          "assetId": "atsv3shmpol",
          "checksum": "49464fc82654136b4b27d8c49c304ce8"
        },
        {
          "type": "icon",
          "assetId": "PW6nB-ZdXb6",
          "checksum": "a575f605ba61502636720344811dc434"
        },
        {
          "type": "icon",
          "assetId": "wDoBE6NAMpP",
          "checksum": "70c17b136e0a46b47a3e06c0a996185a"
        },
        {
          "type": "icon",
          "assetId": "MVx9BEIccIJ",
          "checksum": "52468332fd7991f352cf41a51dbc80bf"
        },
        {
          "type": "icon",
          "assetId": "ZhKHCMX0byZ",
          "checksum": "58aba5c3eac30ed76f2378c844c08b90"
        },
        {
          "type": "icon",
          "assetId": "QDLoQng2UQj",
          "checksum": "7de065201ed7d288897844c8d7653573"
        },
        {
          "type": "icon",
          "assetId": "x5CEwvsyP0k",
          "checksum": "1ed312eeafe199cc6128eb96f2193e34"
        },
        {
          "type": "icon",
          "assetId": "f7GqIXlx4T_z",
          "checksum": "dbae3923676afbd603c40122b97fb7ff"
        },
        {
          "type": "icon",
          "assetId": "5n70EARagia",
          "checksum": "241896f37e19f09fc0b03ef5adcb14ba"
        },
        {
          "type": "icon",
          "assetId": "ZZCbZ7-sQtPl",
          "checksum": "6c840109a22497f835955e9405b53232"
        },
        {
          "type": "icon",
          "assetId": "loa_NOPfr2n6",
          "checksum": "a8955cba7fc33d912dac1d7124d040ed"
        },
        {
          "type": "icon",
          "assetId": "_fGxh-WhUNmF",
          "checksum": "de3dcf012550f3a73eda1b8c8af9693b"
        },
        {
          "type": "icon",
          "assetId": "ryQ88YyF05jl",
          "checksum": "d3882f400eb703a688aee8f832c92dd4"
        },
        {
          "type": "image",
          "assetId": "7oNj63iP6J",
          "checksum": "9b14fffe0d11ee660df93dac77bda827"
        },
        {
          "type": "image",
          "assetId": "w4azNdq06C",
          "checksum": "10943bd84bbc4f07db41b5b511f65830"
        },
        {
          "type": "image",
          "assetId": "HLbQLZoA8r",
          "checksum": "a172b4be624ea63d240eabc1e9e4e17e"
        },
        {
          "type": "image",
          "assetId": "BpyzUwtuoX",
          "checksum": "0605523eedc5ea095ca132870350d9a5"
        },
        {
          "type": "image",
          "assetId": "j-m78GhMji",
          "checksum": "4af114d79d4da4bb591dd68b926c04b4"
        },
        {
          "type": "image",
          "assetId": "UT-gYjERkU",
          "checksum": "3d6bd8c6f835208ff4b0096e0841bd4d"
        }
      ]
    }
  ],
  "cliVersion": "0.1.137"
}
